{
  "lockfile-version": 1,
  "manifest": {
    "schema-version": "1.12.0",
    "install": {
      "bun": {
        "pkg-path": "bun"
      },
      "cocoapods": {
        "pkg-path": "cocoapods",
        "systems": [
          "aarch64-darwin",
          "x86_64-darwin"
        ]
      },
      "nodejs": {
        "pkg-path": "nodejs"
      }
    },
    "vars": {
      "ANDROID_HOME": "$HOME/Library/Android/sdk",
      "JAVA_HOME": "/Applications/Android Studio.app/Contents/jbr/Contents/Home"
    },
    "hook": {},
    "profile": {},
    "options": {}
  },
  "packages": [
    {
      "attr_path": "bun",
      "broken": false,
      "derivation": "/nix/store/j1bb0sq4v6ayl9qsa3ba7c9c0lzd80gr-bun-1.3.13.drv",
      "description": "Incredibly fast JavaScript runtime, bundler, transpiler and package manager – all in one",
      "install_id": "bun",
      "license": "[ MIT, LGPL-2.1-only ]",
      "locked_url": "https://github.com/flox/nixpkgs?rev=da5ad661ba4e5ef59ba743f0d112cbc30e474f32",
      "name": "bun-1.3.13",
      "pname": "bun",
      "rev": "da5ad661ba4e5ef59ba743f0d112cbc30e474f32",
      "rev_count": 995699,
      "rev_date": "2026-05-10T19:57:52Z",
      "scrape_date": "2026-05-13T08:52:39.934595Z",
      "stabilities": [
        "staging",
        "unstable"
      ],
      "unfree": false,
      "version": "1.3.13",
      "outputs_to_install": [
        "out"
      ],
      "outputs": {
        "out": "/nix/store/i4rqz2p2bayrl6pv9l36y4fzhqx7k1zv-bun-1.3.13"
      },
      "system": "aarch64-darwin",
      "group": "toplevel",
      "priority": 5
    },
    {
      "attr_path": "bun",
      "broken": false,
      "derivation": "/nix/store/gkg0piqp2ixdd4m4c8867br5a427qbq5-bun-1.3.13.drv",
      "description": "Incredibly fast JavaScript runtime, bundler, transpiler and package manager – all in one",
      "install_id": "bun",
      "license": "[ MIT, LGPL-2.1-only ]",
      "locked_url": "https://github.com/flox/nixpkgs?rev=da5ad661ba4e5ef59ba743f0d112cbc30e474f32",
      "name": "bun-1.3.13",
      "pname": "bun",
      "rev": "da5ad661ba4e5ef59ba743f0d112cbc30e474f32",
      "rev_count": 995699,
      "rev_date": "2026-05-10T19:57:52Z",
      "scrape_date": "2026-05-13T09:22:13.525830Z",
      "stabilities": [
        "staging",
        "unstable"
      ],
      "unfree": false,
      "version": "1.3.13",
      "outputs_to_install": [
        "out"
      ],
      "outputs": {
        "out": "/nix/store/1q2xsp98qhjy6rsz3nga795c3mgsjhia-bun-1.3.13"
      },
      "system": "aarch64-linux",
      "group": "toplevel",
      "priority": 5
    },
    {
      "attr_path": "bun",
      "broken": false,
      "derivation": "/nix/store/9gf5awmx65pypdap8qklv9vrq3w4kifj-bun-1.3.13.drv",
      "description": "Incredibly fast JavaScript runtime, bundler, transpiler and package manager – all in one",
      "install_id": "bun",
      "license": "[ MIT, LGPL-2.1-only ]",
      "locked_url": "https://github.com/flox/nixpkgs?rev=da5ad661ba4e5ef59ba743f0d112cbc30e474f32",
      "name": "bun-1.3.13",
      "pname": "bun",
      "rev": "da5ad661ba4e5ef59ba743f0d112cbc30e474f32",
      "rev_count": 995699,
      "rev_date": "2026-05-10T19:57:52Z",
      "scrape_date": "2026-05-13T09:55:21.673874Z",
      "stabilities": [
        "staging",
        "unstable"
      ],
      "unfree": false,
      "version": "1.3.13",
      "outputs_to_install": [
        "out"
      ],
      "outputs": {
        "out": "/nix/store/31jsiwr1nq8pi4jvyjpq0zi28a4fyay0-bun-1.3.13"
      },
      "system": "x86_64-darwin",
      "group": "toplevel",
      "priority": 5
    },
    {
      "attr_path": "bun",
      "broken": false,
      "derivation": "/nix/store/6562698mpnycyajfbgbis82qa9i55r7n-bun-1.3.13.drv",
      "description": "Incredibly fast JavaScript runtime, bundler, transpiler and package manager – all in one",
      "install_id": "bun",
      "license": "[ MIT, LGPL-2.1-only ]",
      "locked_url": "https://github.com/flox/nixpkgs?rev=da5ad661ba4e5ef59ba743f0d112cbc30e474f32",
      "name": "bun-1.3.13",
      "pname": "bun",
      "rev": "da5ad661ba4e5ef59ba743f0d112cbc30e474f32",
      "rev_count": 995699,
      "rev_date": "2026-05-10T19:57:52Z",
      "scrape_date": "2026-05-13T10:36:01.871497Z",
      "stabilities": [
        "staging",
        "unstable"
      ],
      "unfree": false,
      "version": "1.3.13",
      "outputs_to_install": [
        "out"
      ],
      "outputs": {
        "out": "/nix/store/g0zlmqvkvn41xqva3460jfzpazivywvi-bun-1.3.13"
      },
      "system": "x86_64-linux",
      "group": "toplevel",
      "priority": 5
    },
    {
      "attr_path": "cocoapods",
      "broken": false,
      "derivation": "/nix/store/ahknnm8j1w5jz12m1rm0xghk175mnfzy-cocoapods-1.16.2.drv",
      "description": "Manages dependencies for your Xcode projects",
      "install_id": "cocoapods",
      "license": "MIT",
      "locked_url": "https://github.com/flox/nixpkgs?rev=da5ad661ba4e5ef59ba743f0d112cbc30e474f32",
      "name": "cocoapods-1.16.2",
      "pname": "cocoapods",
      "rev": "da5ad661ba4e5ef59ba743f0d112cbc30e474f32",
      "rev_count": 995699,
      "rev_date": "2026-05-10T19:57:52Z",
      "scrape_date": "2026-05-13T08:52:40.238034Z",
      "stabilities": [
        "staging",
        "unstable"
      ],
      "unfree": false,
      "version": "1.16.2",
      "outputs_to_install": [
        "out"
      ],
      "outputs": {
        "out": "/nix/store/sgbrbfkwi2zgnyk3sbnwasmfflqhivvv-cocoapods-1.16.2"
      },
      "system": "aarch64-darwin",
      "group": "toplevel",
      "priority": 5
    },
    {
      "attr_path": "cocoapods",
      "broken": false,
      "derivation": "/nix/store/an36801rifras8791zi6qrap0bn3kfhf-cocoapods-1.16.2.drv",
      "description": "Manages dependencies for your Xcode projects",
      "install_id": "cocoapods",
      "license": "MIT",
      "locked_url": "https://github.com/flox/nixpkgs?rev=da5ad661ba4e5ef59ba743f0d112cbc30e474f32",
      "name": "cocoapods-1.16.2",
      "pname": "cocoapods",
      "rev": "da5ad661ba4e5ef59ba743f0d112cbc30e474f32",
      "rev_count": 995699,
      "rev_date": "2026-05-10T19:57:52Z",
      "scrape_date": "2026-05-13T09:55:21.905994Z",
      "stabilities": [
        "staging",
        "unstable"
      ],
      "unfree": false,
      "version": "1.16.2",
      "outputs_to_install": [
        "out"
      ],
      "outputs": {
        "out": "/nix/store/fgslxgfiillqi59zfhzbljl2dfz2pkl2-cocoapods-1.16.2"
      },
      "system": "x86_64-darwin",
      "group": "toplevel",
      "priority": 5
    },
    {
      "attr_path": "nodejs",
      "broken": false,
      "derivation": "/nix/store/1m7745r13n7wk43fzx5yr3jjr3vdc1db-nodejs-24.14.1.drv",
      "description": "Event-driven I/O framework for the V8 JavaScript engine",
      "install_id": "nodejs",
      "license": "MIT",
      "locked_url": "https://github.com/flox/nixpkgs?rev=da5ad661ba4e5ef59ba743f0d112cbc30e474f32",
      "name": "nodejs-24.14.1",
      "pname": "nodejs",
      "rev": "da5ad661ba4e5ef59ba743f0d112cbc30e474f32",
      "rev_count": 995699,
      "rev_date": "2026-05-10T19:57:52Z",
      "scrape_date": "2026-05-13T08:53:04.957162Z",
      "stabilities": [
        "staging",
        "unstable"
      ],
      "unfree": false,
      "version": "24.14.1",
      "outputs_to_install": [
        "out",
        "out"
      ],
      "outputs": {
        "out": "/nix/store/sf85v1qd1glkmsyfxwn9p8wridb4qf6y-nodejs-24.14.1"
      },
      "system": "aarch64-darwin",
      "group": "toplevel",
      "priority": 5
    },
    {
      "attr_path": "nodejs",
      "broken": false,
      "derivation": "/nix/store/3h5ymdg61db3f9xwhwclj05afipbxiq2-nodejs-24.14.1.drv",
      "description": "Event-driven I/O framework for the V8 JavaScript engine",
      "install_id": "nodejs",
      "license": "MIT",
      "locked_url": "https://github.com/flox/nixpkgs?rev=da5ad661ba4e5ef59ba743f0d112cbc30e474f32",
      "name": "nodejs-24.14.1",
      "pname": "nodejs",
      "rev": "da5ad661ba4e5ef59ba743f0d112cbc30e474f32",
      "rev_count": 995699,
      "rev_date": "2026-05-10T19:57:52Z",
      "scrape_date": "2026-05-13T09:22:53.228646Z",
      "stabilities": [
        "staging",
        "unstable"
      ],
      "unfree": false,
      "version": "24.14.1",
      "outputs_to_install": [
        "out",
        "out"
      ],
      "outputs": {
        "out": "/nix/store/amh21igq2gjg6ai42f3ksan8fh89qvpm-nodejs-24.14.1"
      },
      "system": "aarch64-linux",
      "group": "toplevel",
      "priority": 5
    },
    {
      "attr_path": "nodejs",
      "broken": false,
      "derivation": "/nix/store/aarkp2y0aj12skgji58mbf5va0dcf9bd-nodejs-24.14.1.drv",
      "description": "Event-driven I/O framework for the V8 JavaScript engine",
      "install_id": "nodejs",
      "license": "MIT",
      "locked_url": "https://github.com/flox/nixpkgs?rev=da5ad661ba4e5ef59ba743f0d112cbc30e474f32",
      "name": "nodejs-24.14.1",
      "pname": "nodejs",
      "rev": "da5ad661ba4e5ef59ba743f0d112cbc30e474f32",
      "rev_count": 995699,
      "rev_date": "2026-05-10T19:57:52Z",
      "scrape_date": "2026-05-13T09:55:47.018047Z",
      "stabilities": [
        "staging",
        "unstable"
      ],
      "unfree": false,
      "version": "24.14.1",
      "outputs_to_install": [
        "out",
        "out"
      ],
      "outputs": {
        "out": "/nix/store/w9axwcpzxv1cd78d6v748az2j08k6vfw-nodejs-24.14.1"
      },
      "system": "x86_64-darwin",
      "group": "toplevel",
      "priority": 5
    },
    {
      "attr_path": "nodejs",
      "broken": false,
      "derivation": "/nix/store/8l6p07vmrcj7lsry0jz2ayp1rmpyjdai-nodejs-24.14.1.drv",
      "description": "Event-driven I/O framework for the V8 JavaScript engine",
      "install_id": "nodejs",
      "license": "MIT",
      "locked_url": "https://github.com/flox/nixpkgs?rev=da5ad661ba4e5ef59ba743f0d112cbc30e474f32",
      "name": "nodejs-24.14.1",
      "pname": "nodejs",
      "rev": "da5ad661ba4e5ef59ba743f0d112cbc30e474f32",
      "rev_count": 995699,
      "rev_date": "2026-05-10T19:57:52Z",
      "scrape_date": "2026-05-13T10:36:42.203422Z",
      "stabilities": [
        "staging",
        "unstable"
      ],
      "unfree": false,
      "version": "24.14.1",
      "outputs_to_install": [
        "out",
        "out"
      ],
      "outputs": {
        "out": "/nix/store/785jidgnryzj566s25s3rb262d4g5znb-nodejs-24.14.1"
      },
      "system": "x86_64-linux",
      "group": "toplevel",
      "priority": 5
    }
  ]
}
